<?xml version="1.0" encoding="utf-8"?>
<Project ToolsVersion="4.0" xmlns="http://schemas.microsoft.com/developer/msbuild/2003">
  <ItemGroup>
    <Filter Include="Source Files">
      <UniqueIdentifier>{4FC737F1-C7A5-4376-A066-2A32D752A2FF}</UniqueIdentifier>
      <Extensions>cpp;c;cc;cxx;def;odl;idl;hpj;bat;asm;asmx</Extensions>
    </Filter>
    <Filter Include="Header Files">
      <UniqueIdentifier>{93995380-89BD-4b04-88EB-625FBE52EBFB}</UniqueIdentifier>
      <Extensions>h;hh;hpp;hxx;hm;inl;inc;ipp;xsd</Extensions>
    </Filter>
    <Filter Include="Resource Files">
      <UniqueIdentifier>{67DA6AB6-F800-4c08-8B7A-83BB121AAD01}</UniqueIdentifier>
      <Extensions>rc;ico;cur;bmp;dlg;rc2;rct;bin;rgs;gif;jpg;jpeg;jpe;resx;tiff;tif;png;wav;mfcribbon-ms</Extensions>
    </Filter>
    <Filter Include="Source Files\Midi">
      <UniqueIdentifier>{c5a80c18-fa3c-4f84-adac-db7bf2e956d6}</UniqueIdentifier>
    </Filter>
    <Filter Include="Source Files\Symbols">
      <UniqueIdentifier>{b581972c-a7fa-4dcb-a5a5-7ddc249bea9f}</UniqueIdentifier>
    </Filter>
    <Filter Include="Header Files\MIDI">
      <UniqueIdentifier>{4fb2386e-918a-4039-a768-db6ca1276044}</UniqueIdentifier>
    </Filter>
    <Filter Include="Header Files\Symbols">
      <UniqueIdentifier>{fe3a4f1b-5c6c-4cfa-9668-f2e8f03941cb}</UniqueIdentifier>
    </Filter>
    <Filter Include="Source Files\Composition">
      <UniqueIdentifier>{7c01a61f-77d0-4518-a1df-51ceaa77e31b}</UniqueIdentifier>
    </Filter>
    <Filter Include="Header Files\Composition">
      <UniqueIdentifier>{742c4f22-57d8-4545-85c3-dd55cba8796a}</UniqueIdentifier>
    </Filter>
  </ItemGroup>
  <ItemGroup>
    <ClCompile Include="main.cpp">
      <Filter>Source Files</Filter>
    </ClCompile>
    <ClCompile Include="midi.cpp">
      <Filter>Source Files\Midi</Filter>
    </ClCompile>
    <ClCompile Include="Binasc.cpp">
      <Filter>Source Files\Midi</Filter>
    </ClCompile>
    <ClCompile Include="Chord.cpp">
      <Filter>Source Files\Symbols</Filter>
    </ClCompile>
    <ClCompile Include="Composition.cpp">
      <Filter>Source Files\Composition</Filter>
    </ClCompile>
    <ClCompile Include="MusicSymbol.cpp">
      <Filter>Source Files\Symbols</Filter>
    </ClCompile>
    <ClCompile Include="Note.cpp">
      <Filter>Source Files\Symbols</Filter>
    </ClCompile>
    <ClCompile Include="MidiEvent.cpp">
      <Filter>Source Files\Midi</Filter>
    </ClCompile>
    <ClCompile Include="MidiEventList.cpp">
      <Filter>Source Files\Midi</Filter>
    </ClCompile>
    <ClCompile Include="MidiFile.cpp">
      <Filter>Source Files\Midi</Filter>
    </ClCompile>
    <ClCompile Include="MidiMessage.cpp">
      <Filter>Source Files\Midi</Filter>
    </ClCompile>
    <ClCompile Include="Options.cpp">
      <Filter>Source Files\Midi</Filter>
    </ClCompile>
    <ClCompile Include="Pause.cpp">
      <Filter>Source Files\Symbols</Filter>
    </ClCompile>
    <ClCompile Include="Part.cpp">
      <Filter>Source Files\Composition</Filter>
    </ClCompile>
    <ClCompile Include="MusicXML.cpp">
      <Filter>Source Files</Filter>
    </ClCompile>
  </ItemGroup>
  <ItemGroup>
    <ClInclude Include="Chord.h">
      <Filter>Header Files\Symbols</Filter>
    </ClInclude>
    <ClInclude Include="Binasc.h">
      <Filter>Header Files\MIDI</Filter>
    </ClInclude>
    <ClInclude Include="midi.h">
      <Filter>Header Files\MIDI</Filter>
    </ClInclude>
    <ClInclude Include="MidiEvent.h">
      <Filter>Header Files\MIDI</Filter>
    </ClInclude>
    <ClInclude Include="MidiEventList.h">
      <Filter>Header Files\MIDI</Filter>
    </ClInclude>
    <ClInclude Include="MidiFile.h">
      <Filter>Header Files\MIDI</Filter>
    </ClInclude>
    <ClInclude Include="MidiMessage.h">
      <Filter>Header Files\MIDI</Filter>
    </ClInclude>
    <ClInclude Include="Composition.h">
      <Filter>Header Files\Composition</Filter>
    </ClInclude>
    <ClInclude Include="Part.h">
      <Filter>Header Files\Composition</Filter>
    </ClInclude>
    <ClInclude Include="Options.h">
      <Filter>Header Files\MIDI</Filter>
    </ClInclude>
    <ClInclude Include="Duration.h">
      <Filter>Header Files\Symbols</Filter>
    </ClInclude>
    <ClInclude Include="MusicSymbol.h">
      <Filter>Header Files\Symbols</Filter>
    </ClInclude>
    <ClInclude Include="Note.h">
      <Filter>Header Files\Symbols</Filter>
    </ClInclude>
    <ClInclude Include="Pause.h">
      <Filter>Header Files\Symbols</Filter>
    </ClInclude>
    <ClInclude Include="ExceptOctave.h">
      <Filter>Header Files</Filter>
    </ClInclude>
    <ClInclude Include="MusicXML.h">
      <Filter>Header Files</Filter>
    </ClInclude>
  </ItemGroup>
</Project>